
Microsoft Visual Studio Solution File, Format Version 12.00
# Visual Studio Version 17
VisualStudioVersion = 17.14.36811.4
MinimumVisualStudioVersion = 10.0.40219.1
Project("{FAE04EC0-301F-11D3-BF4B-00C04F79EFBC}") = "Sylvia.Runtime", "base\Sylvia.Runtime\Sylvia.Runtime.csproj", "{840121D5-F365-40E5-9F63-7180274DB1E7}"
EndProject
Project("{2150E333-8FDC-42A3-9474-1A3956D46DE8}") = "External", "External", "{02EA681E-C7D8-13C7-8484-4AC65E1B71E8}"
EndProject
Project("{FAE04EC0-301F-11D3-BF4B-00C04F79EFBC}") = "Expect.NETStandard", "..\ext\Expect.NET\Expect.NET\Expect.NETStandard.csproj", "{E20DD857-F9B4-E249-D8BE-C37EF52FE4C3}"
EndProject
Project("{2150E333-8FDC-42A3-9474-1A3956D46DE8}") = "Scripts", "Scripts", "{EBFFAB34-C316-4179-92BC-9CA38887B44B}"
EndProject
Project("{2150E333-8FDC-42A3-9474-1A3956D46DE8}") = "Configuration", "Configuration", "{87D8DE13-6F41-4BAC-B027-B01AF612B81A}"
	ProjectSection(SolutionItems) = preProject
		Directory.Build.props = Directory.Build.props
	EndProjectSection
EndProject
Project("{2150E333-8FDC-42A3-9474-1A3956D46DE8}") = "Base", "Base", "{92F1E39E-FD01-4C23-8412-551EC365ADC2}"
EndProject
Project("{F2A71F9B-5D33-465A-A702-920D77279786}") = "Sylvia.Arithmetic.FixedPoint", "base\Sylvia.Arithmetic.FixedPoint\Sylvia.Arithmetic.FixedPoint.fsproj", "{29E5A6BD-45C8-4215-A636-0C28E69ACE1F}"
EndProject
Project("{F2A71F9B-5D33-465A-A702-920D77279786}") = "Sylvia.Collections", "base\Sylvia.Collections\Sylvia.Collections.fsproj", "{ABD06731-E25A-250B-133A-F53294318360}"
EndProject
Project("{2150E333-8FDC-42A3-9474-1A3956D46DE8}") = "Providers", "Providers", "{70AE08AA-2734-467C-83C1-23828F64F4D0}"
EndProject
Project("{2150E333-8FDC-42A3-9474-1A3956D46DE8}") = "Lang", "Lang", "{97D4C0AB-EEA9-4966-AB55-1D16A0BABD87}"
EndProject
Project("{F2A71F9B-5D33-465A-A702-920D77279786}") = "Sylvia.Expressions", "lang\Sylvia.Expressions\Sylvia.Expressions.fsproj", "{975CE4E9-02C1-4CE4-9A9C-0409D4D4A6AB}"
EndProject
Project("{F2A71F9B-5D33-465A-A702-920D77279786}") = "Symbolics", "..\ext\mathnet-symbolics\src\Symbolics\Symbolics.fsproj", "{DAC8502F-D971-7E71-457D-B5A1127C115B}"
EndProject
Project("{FAE04EC0-301F-11D3-BF4B-00C04F79EFBC}") = "TPTPParser", "..\ext\TPTPParser\TPTPParser.csproj", "{A0F5F6A1-8938-F0E1-1458-E5BBF23F9F15}"
EndProject
Project("{2150E333-8FDC-42A3-9474-1A3956D46DE8}") = "Math", "Math", "{8C46F974-178E-4CF3-A7DE-274A641013AE}"
EndProject
Project("{2150E333-8FDC-42A3-9474-1A3956D46DE8}") = "CAS", "CAS", "{D47EC21D-188A-4CF0-82E2-502B9F0BA3CE}"
EndProject
Project("{F2A71F9B-5D33-465A-A702-920D77279786}") = "Sylvia.CAS.Maxima", "math\cas\Sylvia.CAS.Maxima\Sylvia.CAS.Maxima.fsproj", "{0B053DC3-538D-4DC1-9956-EDE1599C9D62}"
EndProject
Project("{F2A71F9B-5D33-465A-A702-920D77279786}") = "Sylvia.Runtime.Fs", "base\Sylvia.Runtime.Fs\Sylvia.Runtime.Fs.fsproj", "{25774C0D-1794-4007-A431-2ADC3D157E86}"
EndProject
Project("{2150E333-8FDC-42A3-9474-1A3956D46DE8}") = "Tests", "Tests", "{0A5DF3B9-699A-4E9C-BB68-B6249A99F8EC}"
EndProject
Project("{F2A71F9B-5D33-465A-A702-920D77279786}") = "Sylvia.Tests.Expressions", "..\tests\Sylvia.Tests.Expressions\Sylvia.Tests.Expressions.fsproj", "{94E24E40-34CD-4AA0-993C-B94AA001992F}"
EndProject
Global
	GlobalSection(SolutionConfigurationPlatforms) = preSolution
		Debug|Any CPU = Debug|Any CPU
		Release|Any CPU = Release|Any CPU
	EndGlobalSection
	GlobalSection(ProjectConfigurationPlatforms) = postSolution
		{840121D5-F365-40E5-9F63-7180274DB1E7}.Debug|Any CPU.ActiveCfg = Debug|Any CPU
		{840121D5-F365-40E5-9F63-7180274DB1E7}.Debug|Any CPU.Build.0 = Debug|Any CPU
		{840121D5-F365-40E5-9F63-7180274DB1E7}.Release|Any CPU.ActiveCfg = Release|Any CPU
		{840121D5-F365-40E5-9F63-7180274DB1E7}.Release|Any CPU.Build.0 = Release|Any CPU
		{E20DD857-F9B4-E249-D8BE-C37EF52FE4C3}.Debug|Any CPU.ActiveCfg = Debug|Any CPU
		{E20DD857-F9B4-E249-D8BE-C37EF52FE4C3}.Debug|Any CPU.Build.0 = Debug|Any CPU
		{E20DD857-F9B4-E249-D8BE-C37EF52FE4C3}.Release|Any CPU.ActiveCfg = Release|Any CPU
		{E20DD857-F9B4-E249-D8BE-C37EF52FE4C3}.Release|Any CPU.Build.0 = Release|Any CPU
		{29E5A6BD-45C8-4215-A636-0C28E69ACE1F}.Debug|Any CPU.ActiveCfg = Debug|Any CPU
		{29E5A6BD-45C8-4215-A636-0C28E69ACE1F}.Debug|Any CPU.Build.0 = Debug|Any CPU
		{29E5A6BD-45C8-4215-A636-0C28E69ACE1F}.Release|Any CPU.ActiveCfg = Release|Any CPU
		{29E5A6BD-45C8-4215-A636-0C28E69ACE1F}.Release|Any CPU.Build.0 = Release|Any CPU
		{ABD06731-E25A-250B-133A-F53294318360}.Debug|Any CPU.ActiveCfg = Debug|Any CPU
		{ABD06731-E25A-250B-133A-F53294318360}.Debug|Any CPU.Build.0 = Debug|Any CPU
		{ABD06731-E25A-250B-133A-F53294318360}.Release|Any CPU.ActiveCfg = Release|Any CPU
		{ABD06731-E25A-250B-133A-F53294318360}.Release|Any CPU.Build.0 = Release|Any CPU
		{975CE4E9-02C1-4CE4-9A9C-0409D4D4A6AB}.Debug|Any CPU.ActiveCfg = Debug|Any CPU
		{975CE4E9-02C1-4CE4-9A9C-0409D4D4A6AB}.Debug|Any CPU.Build.0 = Debug|Any CPU
		{975CE4E9-02C1-4CE4-9A9C-0409D4D4A6AB}.Release|Any CPU.ActiveCfg = Release|Any CPU
		{975CE4E9-02C1-4CE4-9A9C-0409D4D4A6AB}.Release|Any CPU.Build.0 = Release|Any CPU
		{DAC8502F-D971-7E71-457D-B5A1127C115B}.Debug|Any CPU.ActiveCfg = Debug|Any CPU
		{DAC8502F-D971-7E71-457D-B5A1127C115B}.Debug|Any CPU.Build.0 = Debug|Any CPU
		{DAC8502F-D971-7E71-457D-B5A1127C115B}.Release|Any CPU.ActiveCfg = Release|Any CPU
		{DAC8502F-D971-7E71-457D-B5A1127C115B}.Release|Any CPU.Build.0 = Release|Any CPU
		{A0F5F6A1-8938-F0E1-1458-E5BBF23F9F15}.Debug|Any CPU.ActiveCfg = Debug|Any CPU
		{A0F5F6A1-8938-F0E1-1458-E5BBF23F9F15}.Debug|Any CPU.Build.0 = Debug|Any CPU
		{A0F5F6A1-8938-F0E1-1458-E5BBF23F9F15}.Release|Any CPU.ActiveCfg = Release|Any CPU
		{A0F5F6A1-8938-F0E1-1458-E5BBF23F9F15}.Release|Any CPU.Build.0 = Release|Any CPU
		{0B053DC3-538D-4DC1-9956-EDE1599C9D62}.Debug|Any CPU.ActiveCfg = Debug|Any CPU
		{0B053DC3-538D-4DC1-9956-EDE1599C9D62}.Debug|Any CPU.Build.0 = Debug|Any CPU
		{0B053DC3-538D-4DC1-9956-EDE1599C9D62}.Release|Any CPU.ActiveCfg = Release|Any CPU
		{0B053DC3-538D-4DC1-9956-EDE1599C9D62}.Release|Any CPU.Build.0 = Release|Any CPU
		{25774C0D-1794-4007-A431-2ADC3D157E86}.Debug|Any CPU.ActiveCfg = Debug|Any CPU
		{25774C0D-1794-4007-A431-2ADC3D157E86}.Debug|Any CPU.Build.0 = Debug|Any CPU
		{25774C0D-1794-4007-A431-2ADC3D157E86}.Release|Any CPU.ActiveCfg = Release|Any CPU
		{25774C0D-1794-4007-A431-2ADC3D157E86}.Release|Any CPU.Build.0 = Release|Any CPU
		{94E24E40-34CD-4AA0-993C-B94AA001992F}.Debug|Any CPU.ActiveCfg = Debug|Any CPU
		{94E24E40-34CD-4AA0-993C-B94AA001992F}.Debug|Any CPU.Build.0 = Debug|Any CPU
		{94E24E40-34CD-4AA0-993C-B94AA001992F}.Release|Any CPU.ActiveCfg = Release|Any CPU
		{94E24E40-34CD-4AA0-993C-B94AA001992F}.Release|Any CPU.Build.0 = Release|Any CPU
	EndGlobalSection
	GlobalSection(SolutionProperties) = preSolution
		HideSolutionNode = FALSE
	EndGlobalSection
	GlobalSection(NestedProjects) = preSolution
		{840121D5-F365-40E5-9F63-7180274DB1E7} = {92F1E39E-FD01-4C23-8412-551EC365ADC2}
		{E20DD857-F9B4-E249-D8BE-C37EF52FE4C3} = {02EA681E-C7D8-13C7-8484-4AC65E1B71E8}
		{29E5A6BD-45C8-4215-A636-0C28E69ACE1F} = {92F1E39E-FD01-4C23-8412-551EC365ADC2}
		{ABD06731-E25A-250B-133A-F53294318360} = {92F1E39E-FD01-4C23-8412-551EC365ADC2}
		{975CE4E9-02C1-4CE4-9A9C-0409D4D4A6AB} = {97D4C0AB-EEA9-4966-AB55-1D16A0BABD87}
		{DAC8502F-D971-7E71-457D-B5A1127C115B} = {02EA681E-C7D8-13C7-8484-4AC65E1B71E8}
		{A0F5F6A1-8938-F0E1-1458-E5BBF23F9F15} = {02EA681E-C7D8-13C7-8484-4AC65E1B71E8}
		{D47EC21D-188A-4CF0-82E2-502B9F0BA3CE} = {8C46F974-178E-4CF3-A7DE-274A641013AE}
		{0B053DC3-538D-4DC1-9956-EDE1599C9D62} = {D47EC21D-188A-4CF0-82E2-502B9F0BA3CE}
		{25774C0D-1794-4007-A431-2ADC3D157E86} = {92F1E39E-FD01-4C23-8412-551EC365ADC2}
		{94E24E40-34CD-4AA0-993C-B94AA001992F} = {0A5DF3B9-699A-4E9C-BB68-B6249A99F8EC}
	EndGlobalSection
	GlobalSection(ExtensibilityGlobals) = postSolution
		SolutionGuid = {E40D909F-6B62-4714-AD1E-DE15A95FCFA3}
	EndGlobalSection
EndGlobal
