
Microsoft Visual Studio Solution File, Format Version 12.00
# Visual Studio Version 18
VisualStudioVersion = 18.3.11505.172 d18.3
MinimumVisualStudioVersion = 10.0.40219.1
Project("{FAE04EC0-301F-11D3-BF4B-00C04F79EFBC}") = "Sylvia.Runtime", "base\Sylvia.Runtime\Sylvia.Runtime.csproj", "{840121D5-F365-40E5-9F63-7180274DB1E7}"
EndProject
Project("{2150E333-8FDC-42A3-9474-1A3956D46DE8}") = "External", "External", "{02EA681E-C7D8-13C7-8484-4AC65E1B71E8}"
EndProject
Project("{FAE04EC0-301F-11D3-BF4B-00C04F79EFBC}") = "Expect.NETStandard", "..\ext\Expect.NET\Expect.NET\Expect.NETStandard.csproj", "{E20DD857-F9B4-E249-D8BE-C37EF52FE4C3}"
EndProject
Project("{2150E333-8FDC-42A3-9474-1A3956D46DE8}") = "Configuration", "Configuration", "{87D8DE13-6F41-4BAC-B027-B01AF612B81A}"
	ProjectSection(SolutionItems) = preProject
		Directory.Build.props = Directory.Build.props
	EndProjectSection
EndProject
Project("{2150E333-8FDC-42A3-9474-1A3956D46DE8}") = "Base", "Base", "{92F1E39E-FD01-4C23-8412-551EC365ADC2}"
EndProject
Project("{F2A71F9B-5D33-465A-A702-920D77279786}") = "Sylvia.Arithmetic.FixedPoint", "base\Sylvia.Arithmetic.FixedPoint\Sylvia.Arithmetic.FixedPoint.fsproj", "{29E5A6BD-45C8-4215-A636-0C28E69ACE1F}"
EndProject
Project("{F2A71F9B-5D33-465A-A702-920D77279786}") = "Sylvia.Collections", "base\Sylvia.Collections\Sylvia.Collections.fsproj", "{ABD06731-E25A-250B-133A-F53294318360}"
EndProject
Project("{2150E333-8FDC-42A3-9474-1A3956D46DE8}") = "Lang", "Lang", "{97D4C0AB-EEA9-4966-AB55-1D16A0BABD87}"
EndProject
Project("{F2A71F9B-5D33-465A-A702-920D77279786}") = "Symbolics", "..\ext\mathnet-symbolics\src\Symbolics\Symbolics.fsproj", "{DAC8502F-D971-7E71-457D-B5A1127C115B}"
EndProject
Project("{FAE04EC0-301F-11D3-BF4B-00C04F79EFBC}") = "TPTPParser", "..\ext\TPTPParser\TPTPParser.csproj", "{A0F5F6A1-8938-F0E1-1458-E5BBF23F9F15}"
EndProject
Project("{2150E333-8FDC-42A3-9474-1A3956D46DE8}") = "Math", "Math", "{8C46F974-178E-4CF3-A7DE-274A641013AE}"
EndProject
Project("{2150E333-8FDC-42A3-9474-1A3956D46DE8}") = "CAS", "CAS", "{D47EC21D-188A-4CF0-82E2-502B9F0BA3CE}"
EndProject
Project("{F2A71F9B-5D33-465A-A702-920D77279786}") = "Sylvia.Runtime.Fs", "base\Sylvia.Runtime.Fs\Sylvia.Runtime.Fs.fsproj", "{25774C0D-1794-4007-A431-2ADC3D157E86}"
EndProject
Project("{2150E333-8FDC-42A3-9474-1A3956D46DE8}") = "Tests", "Tests", "{0A5DF3B9-699A-4E9C-BB68-B6249A99F8EC}"
EndProject
Project("{F2A71F9B-5D33-465A-A702-920D77279786}") = "Sylvia.Tests.Expressions", "..\tests\Sylvia.Tests.Expressions\Sylvia.Tests.Expressions.fsproj", "{94E24E40-34CD-4AA0-993C-B94AA001992F}"
EndProject
Project("{F2A71F9B-5D33-465A-A702-920D77279786}") = "Sylvia.Tests.CAS.Maxima", "..\tests\Sylvia.Tests.CAS.Maxima\Sylvia.Tests.CAS.Maxima.fsproj", "{6E75932B-F190-4C74-B3AB-C9B487F6A9DE}"
EndProject
Project("{F2A71F9B-5D33-465A-A702-920D77279786}") = "FunScript.NETStandard", "..\ext\FunScript\src\main\FunScript\FunScript.NETStandard.fsproj", "{37CCC476-C3A7-1FB8-579B-358A13CBBC20}"
EndProject
Project("{2150E333-8FDC-42A3-9474-1A3956D46DE8}") = "FunScript", "FunScript", "{0AD90EE8-6529-4C66-8A0A-00A05A00DC7D}"
EndProject
Project("{2150E333-8FDC-42A3-9474-1A3956D46DE8}") = "Base", "Base", "{7BE73A1E-976C-4FC3-B785-11083EE83C6F}"
EndProject
Project("{2150E333-8FDC-42A3-9474-1A3956D46DE8}") = "Bindings", "Bindings", "{CC1840EE-9124-443B-B230-D92C46AB7396}"
EndProject
Project("{FAE04EC0-301F-11D3-BF4B-00C04F79EFBC}") = "FunScript.Util", "..\ext\FunScript\src\main\FunScript.Util\FunScript.Util.csproj", "{919D1E47-3126-E11D-8186-7D2EE2994953}"
EndProject
Project("{F2A71F9B-5D33-465A-A702-920D77279786}") = "FunScript.Interop.NETStandard", "..\ext\FunScript\src\main\FunScript.Interop\FunScript.Interop.NETStandard.fsproj", "{0D9CF091-E911-D2F5-56C7-1CEB1BF612CB}"
EndProject
Project("{F2A71F9B-5D33-465A-A702-920D77279786}") = "FunScript.Bindings.Base", "..\ext\FunScript\src\main\FunScript.Bindings.Base\FunScript.Bindings.Base.fsproj", "{00ED0BD2-486F-BCE6-068E-1B3A9DCD5D06}"
EndProject
Project("{F2A71F9B-5D33-465A-A702-920D77279786}") = "FunScript.Bindings.JSXGraph", "..\ext\FunScript\src\extra\FunScript.Bindings.JSXGraph\FunScript.Bindings.JSXGraph.fsproj", "{420B81D6-4779-242F-4990-F371768C8A9F}"
EndProject
Project("{2150E333-8FDC-42A3-9474-1A3956D46DE8}") = "Visualization", "Visualization", "{1EB75E1F-1B59-49E5-B63A-A283B10D2F9D}"
EndProject
Project("{F2A71F9B-5D33-465A-A702-920D77279786}") = "Sylvia.AbstractAlgebra", "math\Sylvia.AbstractAlgebra\Sylvia.AbstractAlgebra.fsproj", "{673620C8-9A66-4CC5-831E-7C712B135AB6}"
EndProject
Project("{F2A71F9B-5D33-465A-A702-920D77279786}") = "Sylvia.LinearAlgebra", "math\Sylvia.LinearAlgebra\Sylvia.LinearAlgebra.fsproj", "{1ED4EADD-46C8-44CF-A8B6-75372B20AC7B}"
EndProject
Project("{2150E333-8FDC-42A3-9474-1A3956D46DE8}") = "Docs", "Docs", "{B91F432D-4004-4FCC-BDFC-FDC1A3689347}"
	ProjectSection(SolutionItems) = preProject
		..\.gitignore = ..\.gitignore
		..\GEMINI.md = ..\GEMINI.md
	EndProjectSection
EndProject
Project("{2150E333-8FDC-42A3-9474-1A3956D46DE8}") = "Examples", "Examples", "{90231D93-09C2-4A7B-9235-F2F38FB7505F}"
EndProject
Project("{2150E333-8FDC-42A3-9474-1A3956D46DE8}") = "Math", "Math", "{3A68D4C0-A48F-4845-A351-D09DB7870E09}"
	ProjectSection(SolutionItems) = preProject
		..\docs\examples\math\Economics.fsx = ..\docs\examples\math\Economics.fsx
		..\docs\examples\math\Include.fsx = ..\docs\examples\math\Include.fsx
		..\docs\examples\math\LinearAlgebra.fsx = ..\docs\examples\math\LinearAlgebra.fsx
		..\docs\examples\math\RealAnalysis.fsx = ..\docs\examples\math\RealAnalysis.fsx
		..\docs\examples\math\Statistics.fsx = ..\docs\examples\math\Statistics.fsx
	EndProjectSection
EndProject
Project("{2150E333-8FDC-42A3-9474-1A3956D46DE8}") = "Solvers", "Solvers", "{AC1672AD-A327-414A-93AB-68F47D244C93}"
EndProject
Project("{F2A71F9B-5D33-465A-A702-920D77279786}") = "Sylvia.RealAnalysis", "math\Sylvia.RealAnalysis\Sylvia.RealAnalysis.fsproj", "{0C05F302-8293-4A19-B9DE-160462DF6B78}"
EndProject
Project("{2150E333-8FDC-42A3-9474-1A3956D46DE8}") = "Data", "Data", "{97645AA1-8C40-42F7-9B6E-F3CB16A92CF3}"
EndProject
Project("{FAE04EC0-301F-11D3-BF4B-00C04F79EFBC}") = "Sylvia.Data", "data\Sylvia.Data\Sylvia.Data.csproj", "{8848EC35-5108-4716-A21E-00686E0095D6}"
EndProject
Project("{FAE04EC0-301F-11D3-BF4B-00C04F79EFBC}") = "Sylvia.DataFrame", "data\Sylva.DataFrame\Sylvia.DataFrame.csproj", "{1B02F610-BE7B-2FC9-1583-EF893845D5E5}"
EndProject
Project("{F2A71F9B-5D33-465A-A702-920D77279786}") = "Sylvia.Statistics", "math\Sylvia.Statistics\Sylvia.Statistics.fsproj", "{19A42F99-6125-41FA-92C4-C4C383F54C30}"
EndProject
Project("{F2A71F9B-5D33-465A-A702-920D77279786}") = "Sylvia.Economics", "math\Sylvia.Economics\Sylvia.Economics.fsproj", "{8544FD52-3E63-4269-B26D-8C30190CDBCA}"
EndProject
Project("{2150E333-8FDC-42A3-9474-1A3956D46DE8}") = "Prover", "Prover", "{A021BF8C-D984-4D3F-80AB-3531A3A1AC26}"
	ProjectSection(SolutionItems) = preProject
		lang\Sylvia.Prover\docs\gries_calculational_logic_heuristics.pdf = lang\Sylvia.Prover\docs\gries_calculational_logic_heuristics.pdf
		lang\Sylvia.Prover\docs\gries_calculational_logic_introduction.pdf = lang\Sylvia.Prover\docs\gries_calculational_logic_introduction.pdf
		lang\Sylvia.Prover\docs\gries_schneider_equational_propositional_logic.pdf = lang\Sylvia.Prover\docs\gries_schneider_equational_propositional_logic.pdf
	EndProjectSection
EndProject
Project("{F2A71F9B-5D33-465A-A702-920D77279786}") = "Sylvia.CAS.Maxima", "lang\cas\Sylvia.CAS.Maxima\Sylvia.CAS.Maxima.fsproj", "{56B590C5-6040-B9BD-6FF4-CC447E559C91}"
EndProject
Project("{F2A71F9B-5D33-465A-A702-920D77279786}") = "Sylvia.Solver.Z3", "lang\solvers\Sylvia.Solver.Z3\Sylvia.Solver.Z3.fsproj", "{3E1AD43D-9221-9022-0ECC-B4B546069D0A}"
EndProject
Project("{F2A71F9B-5D33-465A-A702-920D77279786}") = "Sylvia.Visualization.Html", "lang\visualization\Sylvia.Visualization.Html\Sylvia.Visualization.Html.fsproj", "{E29DD155-C3F7-91D0-EF79-355754CA2C0C}"
EndProject
Project("{2150E333-8FDC-42A3-9474-1A3956D46DE8}") = "GenAI", "GenAI", "{9DD3EC96-9651-48DF-A6C8-C259CEEF8E82}"
EndProject
Project("{FAE04EC0-301F-11D3-BF4B-00C04F79EFBC}") = "Sylvia.GenAI.Gemini", "lang\genai\Sylvia.GenAI.Gemini\Sylvia.GenAI.Gemini.csproj", "{34C6F3DA-35B6-482D-9AB1-B74729604828}"
EndProject
Project("{FAE04EC0-301F-11D3-BF4B-00C04F79EFBC}") = "Sylvia.Tests.GenAI", "..\tests\Sylvia.Tests.GenAI\Sylvia.Tests.GenAI.csproj", "{DE63FECB-9C29-4703-961B-5618113FB7B9}"
EndProject
Project("{F2A71F9B-5D33-465A-A702-920D77279786}") = "Sylvia.GenAI.Giant", "lang\genai\Sylvia.GenAI.Giant\Sylvia.GenAI.Giant.fsproj", "{950D0231-DA4C-D275-8C80-156A41607750}"
EndProject
Project("{2150E333-8FDC-42A3-9474-1A3956D46DE8}") = "Core", "Core", "{304C0F4E-92D1-471C-8952-7C5E88C9AB55}"
EndProject
Project("{F2A71F9B-5D33-465A-A702-920D77279786}") = "Sylvia.Tests.Giant", "..\tests\Sylvia.Tests.Giant\Sylvia.Tests.Giant.fsproj", "{4DB4CB28-2B40-4665-B482-FFED64D7E894}"
EndProject
Project("{F2A71F9B-5D33-465A-A702-920D77279786}") = "Sylvia.Expressions", "lang\core\Sylvia.Expressions\Sylvia.Expressions.fsproj", "{ADD86AC6-D388-6CAB-0C7E-29D36EF90816}"
EndProject
Project("{F2A71F9B-5D33-465A-A702-920D77279786}") = "Sylvia.Prover", "lang\core\Sylvia.Prover\Sylvia.Prover.fsproj", "{DB20564E-3300-D2D5-33A5-64DBB5B265DB}"
EndProject
Project("{2150E333-8FDC-42A3-9474-1A3956D46DE8}") = "GenAI", "GenAI", "{82E919D2-5E75-4897-8C1B-8F65ECBDB973}"
EndProject
Project("{F2A71F9B-5D33-465A-A702-920D77279786}") = "Sylvia.Tests.Solver.Z3", "..\tests\Sylvia.Tests.Solver.Z3\Sylvia.Tests.Solver.Z3.fsproj", "{2F7D088D-524D-4A6B-B274-A91393EFCA56}"
EndProject
Project("{2150E333-8FDC-42A3-9474-1A3956D46DE8}") = "Notebooks", "Notebooks", "{73934D99-449B-47B8-AADE-F780B90C68F2}"
EndProject
Project("{2150E333-8FDC-42A3-9474-1A3956D46DE8}") = "Giant", "Giant", "{5E765D43-E273-49BD-91DE-6C12EAB6AFCC}"
	ProjectSection(SolutionItems) = preProject
		..\notebooks\Include.fsx = ..\notebooks\Include.fsx
	EndProjectSection
EndProject
Project("{F2A71F9B-5D33-465A-A702-920D77279786}") = "Sylvia.Tests.Prover", "..\tests\Sylvia.Tests.Prover\Sylvia.Tests.Prover.fsproj", "{C95E2BA5-3471-4F18-BC03-61AB120632F2}"
EndProject
Global
	GlobalSection(SolutionConfigurationPlatforms) = preSolution
		Debug|Any CPU = Debug|Any CPU
		Release|Any CPU = Release|Any CPU
	EndGlobalSection
	GlobalSection(ProjectConfigurationPlatforms) = postSolution
		{840121D5-F365-40E5-9F63-7180274DB1E7}.Debug|Any CPU.ActiveCfg = Debug|Any CPU
		{840121D5-F365-40E5-9F63-7180274DB1E7}.Debug|Any CPU.Build.0 = Debug|Any CPU
		{840121D5-F365-40E5-9F63-7180274DB1E7}.Release|Any CPU.ActiveCfg = Release|Any CPU
		{840121D5-F365-40E5-9F63-7180274DB1E7}.Release|Any CPU.Build.0 = Release|Any CPU
		{E20DD857-F9B4-E249-D8BE-C37EF52FE4C3}.Debug|Any CPU.ActiveCfg = Debug|Any CPU
		{E20DD857-F9B4-E249-D8BE-C37EF52FE4C3}.Debug|Any CPU.Build.0 = Debug|Any CPU
		{E20DD857-F9B4-E249-D8BE-C37EF52FE4C3}.Release|Any CPU.ActiveCfg = Release|Any CPU
		{E20DD857-F9B4-E249-D8BE-C37EF52FE4C3}.Release|Any CPU.Build.0 = Release|Any CPU
		{29E5A6BD-45C8-4215-A636-0C28E69ACE1F}.Debug|Any CPU.ActiveCfg = Debug|Any CPU
		{29E5A6BD-45C8-4215-A636-0C28E69ACE1F}.Debug|Any CPU.Build.0 = Debug|Any CPU
		{29E5A6BD-45C8-4215-A636-0C28E69ACE1F}.Release|Any CPU.ActiveCfg = Release|Any CPU
		{29E5A6BD-45C8-4215-A636-0C28E69ACE1F}.Release|Any CPU.Build.0 = Release|Any CPU
		{ABD06731-E25A-250B-133A-F53294318360}.Debug|Any CPU.ActiveCfg = Debug|Any CPU
		{ABD06731-E25A-250B-133A-F53294318360}.Debug|Any CPU.Build.0 = Debug|Any CPU
		{ABD06731-E25A-250B-133A-F53294318360}.Release|Any CPU.ActiveCfg = Release|Any CPU
		{ABD06731-E25A-250B-133A-F53294318360}.Release|Any CPU.Build.0 = Release|Any CPU
		{DAC8502F-D971-7E71-457D-B5A1127C115B}.Debug|Any CPU.ActiveCfg = Debug|Any CPU
		{DAC8502F-D971-7E71-457D-B5A1127C115B}.Debug|Any CPU.Build.0 = Debug|Any CPU
		{DAC8502F-D971-7E71-457D-B5A1127C115B}.Release|Any CPU.ActiveCfg = Release|Any CPU
		{DAC8502F-D971-7E71-457D-B5A1127C115B}.Release|Any CPU.Build.0 = Release|Any CPU
		{A0F5F6A1-8938-F0E1-1458-E5BBF23F9F15}.Debug|Any CPU.ActiveCfg = Debug|Any CPU
		{A0F5F6A1-8938-F0E1-1458-E5BBF23F9F15}.Debug|Any CPU.Build.0 = Debug|Any CPU
		{A0F5F6A1-8938-F0E1-1458-E5BBF23F9F15}.Release|Any CPU.ActiveCfg = Release|Any CPU
		{A0F5F6A1-8938-F0E1-1458-E5BBF23F9F15}.Release|Any CPU.Build.0 = Release|Any CPU
		{25774C0D-1794-4007-A431-2ADC3D157E86}.Debug|Any CPU.ActiveCfg = Debug|Any CPU
		{25774C0D-1794-4007-A431-2ADC3D157E86}.Debug|Any CPU.Build.0 = Debug|Any CPU
		{25774C0D-1794-4007-A431-2ADC3D157E86}.Release|Any CPU.ActiveCfg = Release|Any CPU
		{25774C0D-1794-4007-A431-2ADC3D157E86}.Release|Any CPU.Build.0 = Release|Any CPU
		{94E24E40-34CD-4AA0-993C-B94AA001992F}.Debug|Any CPU.ActiveCfg = Debug|Any CPU
		{94E24E40-34CD-4AA0-993C-B94AA001992F}.Debug|Any CPU.Build.0 = Debug|Any CPU
		{94E24E40-34CD-4AA0-993C-B94AA001992F}.Release|Any CPU.ActiveCfg = Release|Any CPU
		{94E24E40-34CD-4AA0-993C-B94AA001992F}.Release|Any CPU.Build.0 = Release|Any CPU
		{6E75932B-F190-4C74-B3AB-C9B487F6A9DE}.Debug|Any CPU.ActiveCfg = Debug|Any CPU
		{6E75932B-F190-4C74-B3AB-C9B487F6A9DE}.Debug|Any CPU.Build.0 = Debug|Any CPU
		{6E75932B-F190-4C74-B3AB-C9B487F6A9DE}.Release|Any CPU.ActiveCfg = Release|Any CPU
		{6E75932B-F190-4C74-B3AB-C9B487F6A9DE}.Release|Any CPU.Build.0 = Release|Any CPU
		{37CCC476-C3A7-1FB8-579B-358A13CBBC20}.Debug|Any CPU.ActiveCfg = Debug|Any CPU
		{37CCC476-C3A7-1FB8-579B-358A13CBBC20}.Debug|Any CPU.Build.0 = Debug|Any CPU
		{37CCC476-C3A7-1FB8-579B-358A13CBBC20}.Release|Any CPU.ActiveCfg = Release|Any CPU
		{37CCC476-C3A7-1FB8-579B-358A13CBBC20}.Release|Any CPU.Build.0 = Release|Any CPU
		{919D1E47-3126-E11D-8186-7D2EE2994953}.Debug|Any CPU.ActiveCfg = Debug|Any CPU
		{919D1E47-3126-E11D-8186-7D2EE2994953}.Debug|Any CPU.Build.0 = Debug|Any CPU
		{919D1E47-3126-E11D-8186-7D2EE2994953}.Release|Any CPU.ActiveCfg = Release|Any CPU
		{919D1E47-3126-E11D-8186-7D2EE2994953}.Release|Any CPU.Build.0 = Release|Any CPU
		{0D9CF091-E911-D2F5-56C7-1CEB1BF612CB}.Debug|Any CPU.ActiveCfg = Debug|Any CPU
		{0D9CF091-E911-D2F5-56C7-1CEB1BF612CB}.Debug|Any CPU.Build.0 = Debug|Any CPU
		{0D9CF091-E911-D2F5-56C7-1CEB1BF612CB}.Release|Any CPU.ActiveCfg = Release|Any CPU
		{0D9CF091-E911-D2F5-56C7-1CEB1BF612CB}.Release|Any CPU.Build.0 = Release|Any CPU
		{00ED0BD2-486F-BCE6-068E-1B3A9DCD5D06}.Debug|Any CPU.ActiveCfg = Debug|Any CPU
		{00ED0BD2-486F-BCE6-068E-1B3A9DCD5D06}.Debug|Any CPU.Build.0 = Debug|Any CPU
		{00ED0BD2-486F-BCE6-068E-1B3A9DCD5D06}.Release|Any CPU.ActiveCfg = Release|Any CPU
		{00ED0BD2-486F-BCE6-068E-1B3A9DCD5D06}.Release|Any CPU.Build.0 = Release|Any CPU
		{420B81D6-4779-242F-4990-F371768C8A9F}.Debug|Any CPU.ActiveCfg = Debug|Any CPU
		{420B81D6-4779-242F-4990-F371768C8A9F}.Debug|Any CPU.Build.0 = Debug|Any CPU
		{420B81D6-4779-242F-4990-F371768C8A9F}.Release|Any CPU.ActiveCfg = Release|Any CPU
		{420B81D6-4779-242F-4990-F371768C8A9F}.Release|Any CPU.Build.0 = Release|Any CPU
		{673620C8-9A66-4CC5-831E-7C712B135AB6}.Debug|Any CPU.ActiveCfg = Debug|Any CPU
		{673620C8-9A66-4CC5-831E-7C712B135AB6}.Debug|Any CPU.Build.0 = Debug|Any CPU
		{673620C8-9A66-4CC5-831E-7C712B135AB6}.Release|Any CPU.ActiveCfg = Release|Any CPU
		{673620C8-9A66-4CC5-831E-7C712B135AB6}.Release|Any CPU.Build.0 = Release|Any CPU
		{1ED4EADD-46C8-44CF-A8B6-75372B20AC7B}.Debug|Any CPU.ActiveCfg = Debug|Any CPU
		{1ED4EADD-46C8-44CF-A8B6-75372B20AC7B}.Debug|Any CPU.Build.0 = Debug|Any CPU
		{1ED4EADD-46C8-44CF-A8B6-75372B20AC7B}.Release|Any CPU.ActiveCfg = Release|Any CPU
		{1ED4EADD-46C8-44CF-A8B6-75372B20AC7B}.Release|Any CPU.Build.0 = Release|Any CPU
		{0C05F302-8293-4A19-B9DE-160462DF6B78}.Debug|Any CPU.ActiveCfg = Debug|Any CPU
		{0C05F302-8293-4A19-B9DE-160462DF6B78}.Debug|Any CPU.Build.0 = Debug|Any CPU
		{0C05F302-8293-4A19-B9DE-160462DF6B78}.Release|Any CPU.ActiveCfg = Release|Any CPU
		{0C05F302-8293-4A19-B9DE-160462DF6B78}.Release|Any CPU.Build.0 = Release|Any CPU
		{8848EC35-5108-4716-A21E-00686E0095D6}.Debug|Any CPU.ActiveCfg = Debug|Any CPU
		{8848EC35-5108-4716-A21E-00686E0095D6}.Debug|Any CPU.Build.0 = Debug|Any CPU
		{8848EC35-5108-4716-A21E-00686E0095D6}.Release|Any CPU.ActiveCfg = Release|Any CPU
		{8848EC35-5108-4716-A21E-00686E0095D6}.Release|Any CPU.Build.0 = Release|Any CPU
		{1B02F610-BE7B-2FC9-1583-EF893845D5E5}.Debug|Any CPU.ActiveCfg = Debug|Any CPU
		{1B02F610-BE7B-2FC9-1583-EF893845D5E5}.Debug|Any CPU.Build.0 = Debug|Any CPU
		{1B02F610-BE7B-2FC9-1583-EF893845D5E5}.Release|Any CPU.ActiveCfg = Release|Any CPU
		{1B02F610-BE7B-2FC9-1583-EF893845D5E5}.Release|Any CPU.Build.0 = Release|Any CPU
		{19A42F99-6125-41FA-92C4-C4C383F54C30}.Debug|Any CPU.ActiveCfg = Debug|Any CPU
		{19A42F99-6125-41FA-92C4-C4C383F54C30}.Debug|Any CPU.Build.0 = Debug|Any CPU
		{19A42F99-6125-41FA-92C4-C4C383F54C30}.Release|Any CPU.ActiveCfg = Release|Any CPU
		{19A42F99-6125-41FA-92C4-C4C383F54C30}.Release|Any CPU.Build.0 = Release|Any CPU
		{8544FD52-3E63-4269-B26D-8C30190CDBCA}.Debug|Any CPU.ActiveCfg = Debug|Any CPU
		{8544FD52-3E63-4269-B26D-8C30190CDBCA}.Debug|Any CPU.Build.0 = Debug|Any CPU
		{8544FD52-3E63-4269-B26D-8C30190CDBCA}.Release|Any CPU.ActiveCfg = Release|Any CPU
		{8544FD52-3E63-4269-B26D-8C30190CDBCA}.Release|Any CPU.Build.0 = Release|Any CPU
		{56B590C5-6040-B9BD-6FF4-CC447E559C91}.Debug|Any CPU.ActiveCfg = Debug|Any CPU
		{56B590C5-6040-B9BD-6FF4-CC447E559C91}.Debug|Any CPU.Build.0 = Debug|Any CPU
		{56B590C5-6040-B9BD-6FF4-CC447E559C91}.Release|Any CPU.ActiveCfg = Release|Any CPU
		{56B590C5-6040-B9BD-6FF4-CC447E559C91}.Release|Any CPU.Build.0 = Release|Any CPU
		{3E1AD43D-9221-9022-0ECC-B4B546069D0A}.Debug|Any CPU.ActiveCfg = Debug|Any CPU
		{3E1AD43D-9221-9022-0ECC-B4B546069D0A}.Debug|Any CPU.Build.0 = Debug|Any CPU
		{3E1AD43D-9221-9022-0ECC-B4B546069D0A}.Release|Any CPU.ActiveCfg = Release|Any CPU
		{3E1AD43D-9221-9022-0ECC-B4B546069D0A}.Release|Any CPU.Build.0 = Release|Any CPU
		{E29DD155-C3F7-91D0-EF79-355754CA2C0C}.Debug|Any CPU.ActiveCfg = Debug|Any CPU
		{E29DD155-C3F7-91D0-EF79-355754CA2C0C}.Debug|Any CPU.Build.0 = Debug|Any CPU
		{E29DD155-C3F7-91D0-EF79-355754CA2C0C}.Release|Any CPU.ActiveCfg = Release|Any CPU
		{E29DD155-C3F7-91D0-EF79-355754CA2C0C}.Release|Any CPU.Build.0 = Release|Any CPU
		{34C6F3DA-35B6-482D-9AB1-B74729604828}.Debug|Any CPU.ActiveCfg = Debug|Any CPU
		{34C6F3DA-35B6-482D-9AB1-B74729604828}.Debug|Any CPU.Build.0 = Debug|Any CPU
		{34C6F3DA-35B6-482D-9AB1-B74729604828}.Release|Any CPU.ActiveCfg = Release|Any CPU
		{34C6F3DA-35B6-482D-9AB1-B74729604828}.Release|Any CPU.Build.0 = Release|Any CPU
		{DE63FECB-9C29-4703-961B-5618113FB7B9}.Debug|Any CPU.ActiveCfg = Debug|Any CPU
		{DE63FECB-9C29-4703-961B-5618113FB7B9}.Debug|Any CPU.Build.0 = Debug|Any CPU
		{DE63FECB-9C29-4703-961B-5618113FB7B9}.Release|Any CPU.ActiveCfg = Release|Any CPU
		{DE63FECB-9C29-4703-961B-5618113FB7B9}.Release|Any CPU.Build.0 = Release|Any CPU
		{950D0231-DA4C-D275-8C80-156A41607750}.Debug|Any CPU.ActiveCfg = Debug|Any CPU
		{950D0231-DA4C-D275-8C80-156A41607750}.Debug|Any CPU.Build.0 = Debug|Any CPU
		{950D0231-DA4C-D275-8C80-156A41607750}.Release|Any CPU.ActiveCfg = Release|Any CPU
		{950D0231-DA4C-D275-8C80-156A41607750}.Release|Any CPU.Build.0 = Release|Any CPU
		{4DB4CB28-2B40-4665-B482-FFED64D7E894}.Debug|Any CPU.ActiveCfg = Debug|Any CPU
		{4DB4CB28-2B40-4665-B482-FFED64D7E894}.Debug|Any CPU.Build.0 = Debug|Any CPU
		{4DB4CB28-2B40-4665-B482-FFED64D7E894}.Release|Any CPU.ActiveCfg = Release|Any CPU
		{4DB4CB28-2B40-4665-B482-FFED64D7E894}.Release|Any CPU.Build.0 = Release|Any CPU
		{ADD86AC6-D388-6CAB-0C7E-29D36EF90816}.Debug|Any CPU.ActiveCfg = Debug|Any CPU
		{ADD86AC6-D388-6CAB-0C7E-29D36EF90816}.Debug|Any CPU.Build.0 = Debug|Any CPU
		{ADD86AC6-D388-6CAB-0C7E-29D36EF90816}.Release|Any CPU.ActiveCfg = Release|Any CPU
		{ADD86AC6-D388-6CAB-0C7E-29D36EF90816}.Release|Any CPU.Build.0 = Release|Any CPU
		{DB20564E-3300-D2D5-33A5-64DBB5B265DB}.Debug|Any CPU.ActiveCfg = Debug|Any CPU
		{DB20564E-3300-D2D5-33A5-64DBB5B265DB}.Debug|Any CPU.Build.0 = Debug|Any CPU
		{DB20564E-3300-D2D5-33A5-64DBB5B265DB}.Release|Any CPU.ActiveCfg = Release|Any CPU
		{DB20564E-3300-D2D5-33A5-64DBB5B265DB}.Release|Any CPU.Build.0 = Release|Any CPU
		{2F7D088D-524D-4A6B-B274-A91393EFCA56}.Debug|Any CPU.ActiveCfg = Debug|Any CPU
		{2F7D088D-524D-4A6B-B274-A91393EFCA56}.Debug|Any CPU.Build.0 = Debug|Any CPU
		{2F7D088D-524D-4A6B-B274-A91393EFCA56}.Release|Any CPU.ActiveCfg = Release|Any CPU
		{2F7D088D-524D-4A6B-B274-A91393EFCA56}.Release|Any CPU.Build.0 = Release|Any CPU
		{C95E2BA5-3471-4F18-BC03-61AB120632F2}.Debug|Any CPU.ActiveCfg = Debug|Any CPU
		{C95E2BA5-3471-4F18-BC03-61AB120632F2}.Debug|Any CPU.Build.0 = Debug|Any CPU
		{C95E2BA5-3471-4F18-BC03-61AB120632F2}.Release|Any CPU.ActiveCfg = Release|Any CPU
		{C95E2BA5-3471-4F18-BC03-61AB120632F2}.Release|Any CPU.Build.0 = Release|Any CPU
	EndGlobalSection
	GlobalSection(SolutionProperties) = preSolution
		HideSolutionNode = FALSE
	EndGlobalSection
	GlobalSection(NestedProjects) = preSolution
		{840121D5-F365-40E5-9F63-7180274DB1E7} = {92F1E39E-FD01-4C23-8412-551EC365ADC2}
		{E20DD857-F9B4-E249-D8BE-C37EF52FE4C3} = {02EA681E-C7D8-13C7-8484-4AC65E1B71E8}
		{29E5A6BD-45C8-4215-A636-0C28E69ACE1F} = {92F1E39E-FD01-4C23-8412-551EC365ADC2}
		{ABD06731-E25A-250B-133A-F53294318360} = {92F1E39E-FD01-4C23-8412-551EC365ADC2}
		{DAC8502F-D971-7E71-457D-B5A1127C115B} = {02EA681E-C7D8-13C7-8484-4AC65E1B71E8}
		{A0F5F6A1-8938-F0E1-1458-E5BBF23F9F15} = {02EA681E-C7D8-13C7-8484-4AC65E1B71E8}
		{D47EC21D-188A-4CF0-82E2-502B9F0BA3CE} = {97D4C0AB-EEA9-4966-AB55-1D16A0BABD87}
		{25774C0D-1794-4007-A431-2ADC3D157E86} = {92F1E39E-FD01-4C23-8412-551EC365ADC2}
		{94E24E40-34CD-4AA0-993C-B94AA001992F} = {0A5DF3B9-699A-4E9C-BB68-B6249A99F8EC}
		{6E75932B-F190-4C74-B3AB-C9B487F6A9DE} = {0A5DF3B9-699A-4E9C-BB68-B6249A99F8EC}
		{37CCC476-C3A7-1FB8-579B-358A13CBBC20} = {7BE73A1E-976C-4FC3-B785-11083EE83C6F}
		{0AD90EE8-6529-4C66-8A0A-00A05A00DC7D} = {02EA681E-C7D8-13C7-8484-4AC65E1B71E8}
		{7BE73A1E-976C-4FC3-B785-11083EE83C6F} = {0AD90EE8-6529-4C66-8A0A-00A05A00DC7D}
		{CC1840EE-9124-443B-B230-D92C46AB7396} = {0AD90EE8-6529-4C66-8A0A-00A05A00DC7D}
		{919D1E47-3126-E11D-8186-7D2EE2994953} = {7BE73A1E-976C-4FC3-B785-11083EE83C6F}
		{0D9CF091-E911-D2F5-56C7-1CEB1BF612CB} = {7BE73A1E-976C-4FC3-B785-11083EE83C6F}
		{00ED0BD2-486F-BCE6-068E-1B3A9DCD5D06} = {7BE73A1E-976C-4FC3-B785-11083EE83C6F}
		{420B81D6-4779-242F-4990-F371768C8A9F} = {CC1840EE-9124-443B-B230-D92C46AB7396}
		{1EB75E1F-1B59-49E5-B63A-A283B10D2F9D} = {97D4C0AB-EEA9-4966-AB55-1D16A0BABD87}
		{673620C8-9A66-4CC5-831E-7C712B135AB6} = {8C46F974-178E-4CF3-A7DE-274A641013AE}
		{1ED4EADD-46C8-44CF-A8B6-75372B20AC7B} = {8C46F974-178E-4CF3-A7DE-274A641013AE}
		{90231D93-09C2-4A7B-9235-F2F38FB7505F} = {B91F432D-4004-4FCC-BDFC-FDC1A3689347}
		{3A68D4C0-A48F-4845-A351-D09DB7870E09} = {90231D93-09C2-4A7B-9235-F2F38FB7505F}
		{AC1672AD-A327-414A-93AB-68F47D244C93} = {97D4C0AB-EEA9-4966-AB55-1D16A0BABD87}
		{0C05F302-8293-4A19-B9DE-160462DF6B78} = {8C46F974-178E-4CF3-A7DE-274A641013AE}
		{8848EC35-5108-4716-A21E-00686E0095D6} = {97645AA1-8C40-42F7-9B6E-F3CB16A92CF3}
		{1B02F610-BE7B-2FC9-1583-EF893845D5E5} = {97645AA1-8C40-42F7-9B6E-F3CB16A92CF3}
		{19A42F99-6125-41FA-92C4-C4C383F54C30} = {8C46F974-178E-4CF3-A7DE-274A641013AE}
		{8544FD52-3E63-4269-B26D-8C30190CDBCA} = {8C46F974-178E-4CF3-A7DE-274A641013AE}
		{A021BF8C-D984-4D3F-80AB-3531A3A1AC26} = {B91F432D-4004-4FCC-BDFC-FDC1A3689347}
		{56B590C5-6040-B9BD-6FF4-CC447E559C91} = {D47EC21D-188A-4CF0-82E2-502B9F0BA3CE}
		{3E1AD43D-9221-9022-0ECC-B4B546069D0A} = {AC1672AD-A327-414A-93AB-68F47D244C93}
		{E29DD155-C3F7-91D0-EF79-355754CA2C0C} = {1EB75E1F-1B59-49E5-B63A-A283B10D2F9D}
		{9DD3EC96-9651-48DF-A6C8-C259CEEF8E82} = {97D4C0AB-EEA9-4966-AB55-1D16A0BABD87}
		{34C6F3DA-35B6-482D-9AB1-B74729604828} = {9DD3EC96-9651-48DF-A6C8-C259CEEF8E82}
		{DE63FECB-9C29-4703-961B-5618113FB7B9} = {0A5DF3B9-699A-4E9C-BB68-B6249A99F8EC}
		{950D0231-DA4C-D275-8C80-156A41607750} = {9DD3EC96-9651-48DF-A6C8-C259CEEF8E82}
		{304C0F4E-92D1-471C-8952-7C5E88C9AB55} = {97D4C0AB-EEA9-4966-AB55-1D16A0BABD87}
		{4DB4CB28-2B40-4665-B482-FFED64D7E894} = {0A5DF3B9-699A-4E9C-BB68-B6249A99F8EC}
		{ADD86AC6-D388-6CAB-0C7E-29D36EF90816} = {304C0F4E-92D1-471C-8952-7C5E88C9AB55}
		{DB20564E-3300-D2D5-33A5-64DBB5B265DB} = {304C0F4E-92D1-471C-8952-7C5E88C9AB55}
		{82E919D2-5E75-4897-8C1B-8F65ECBDB973} = {B91F432D-4004-4FCC-BDFC-FDC1A3689347}
		{2F7D088D-524D-4A6B-B274-A91393EFCA56} = {0A5DF3B9-699A-4E9C-BB68-B6249A99F8EC}
		{5E765D43-E273-49BD-91DE-6C12EAB6AFCC} = {73934D99-449B-47B8-AADE-F780B90C68F2}
		{C95E2BA5-3471-4F18-BC03-61AB120632F2} = {0A5DF3B9-699A-4E9C-BB68-B6249A99F8EC}
	EndGlobalSection
	GlobalSection(ExtensibilityGlobals) = postSolution
		SolutionGuid = {E40D909F-6B62-4714-AD1E-DE15A95FCFA3}
	EndGlobalSection
EndGlobal
